Microsoft Visual Studio Solution File, Format Version 12.00
# Visual Studio Version 17
VisualStudioVersion = 17.5.2.0
MinimumVisualStudioVersion = 10.0.40219.1
Project("{FAE04EC0-301F-11D3-BF4B-00C04F79EFBC}") = "CasinoGame", "CasinoGame.csproj", "{9E4B43C1-3680-F8A4-639F-39D691A3B2FF}"
EndProject
Global
	GlobalSection(SolutionConfigurationPlatforms) = preSolution
		Debug|Any CPU = Debug|Any CPU
		Release|Any CPU = Release|Any CPU
	EndGlobalSection
	GlobalSection(ProjectConfigurationPlatforms) = postSolution
		{9E4B43C1-3680-F8A4-639F-39D691A3B2FF}.Debug|Any CPU.ActiveCfg = Debug|Any CPU
		{9E4B43C1-3680-F8A4-639F-39D691A3B2FF}.Debug|Any CPU.Build.0 = Debug|Any CPU
		{9E4B43C1-3680-F8A4-639F-39D691A3B2FF}.Release|Any CPU.ActiveCfg = Release|Any CPU
		{9E4B43C1-3680-F8A4-639F-39D691A3B2FF}.Release|Any CPU.Build.0 = Release|Any CPU
	EndGlobalSection
	GlobalSection(SolutionProperties) = preSolution
		HideSolutionNode = FALSE
	EndGlobalSection
	GlobalSection(ExtensibilityGlobals) = postSolution
		SolutionGuid = {85E90DDA-3111-467C-A1A7-1B04FEAB7EB7}
	EndGlobalSection
EndGlobal
